<Solution>
  <Folder Name="/Code/">
    <Project Path="Code/WpfGfxShape/WpfGfxShape.csproj" />
  </Folder>
  <Folder Name="/Tests/">
    <Project Path="Tests/WpfGfxShape.AbiIntegration.Host/WpfGfxShape.AbiIntegration.Host.csproj" />
    <Project Path="Tests/WpfGfxShape.AbiIntegration/WpfGfxShape.AbiIntegration.csproj" />
    <Project Path="Tests/WpfGfxShape.Tests/WpfGfxShape.Tests.csproj" />
  </Folder>
</Solution>
